
Microsoft Visual Studio Solution File, Format Version 12.00
# Visual Studio Version 16
VisualStudioVersion = 16.0.29102.190
MinimumVisualStudioVersion = 10.0.40219.1
Project("{8BC9CEB8-8B4A-11D0-8D11-00A0C91BC942}") = "MyC++", "MyC++.vcxproj", "{456E87DE-02A3-48D3-88F7-B33B8701ED5A}"
EndProject
Global
	GlobalSection(SolutionConfigurationPlatforms) = preSolution
		Debug|x64 = Debug|x64
		Debug|x86 = Debug|x86
		Release|x64 = Release|x64
		Release|x86 = Release|x86
	EndGlobalSection
	GlobalSection(ProjectConfigurationPlatforms) = postSolution
		{456E87DE-02A3-48D3-88F7-B33B8701ED5A}.Debug|x64.ActiveCfg = Debug|x64
		{456E87DE-02A3-48D3-88F7-B33B8701ED5A}.Debug|x64.Build.0 = Debug|x64
		{456E87DE-02A3-48D3-88F7-B33B8701ED5A}.Debug|x86.ActiveCfg = Debug|Win32
		{456E87DE-02A3-48D3-88F7-B33B8701ED5A}.Debug|x86.Build.0 = Debug|Win32
		{456E87DE-02A3-48D3-88F7-B33B8701ED5A}.Release|x64.ActiveCfg = Release|x64
		{456E87DE-02A3-48D3-88F7-B33B8701ED5A}.Release|x64.Build.0 = Release|x64
		{456E87DE-02A3-48D3-88F7-B33B8701ED5A}.Release|x86.ActiveCfg = Release|Win32
		{456E87DE-02A3-48D3-88F7-B33B8701ED5A}.Release|x86.Build.0 = Release|Win32
	EndGlobalSection
	GlobalSection(SolutionProperties) = preSolution
		HideSolutionNode = FALSE
	EndGlobalSection
	GlobalSection(ExtensibilityGlobals) = postSolution
		SolutionGuid = {968B04F9-B1F1-4A94-8877-7FFD61D5D487}
	EndGlobalSection
EndGlobal
